
Microsoft Visual Studio Solution File, Format Version 12.00
# Visual Studio Version 17
VisualStudioVersion = 17.3.32901.215
MinimumVisualStudioVersion = 10.0.40219.1
Project("{8BC9CEB8-8B4A-11D0-8D11-00A0C91BC942}") = "Algoritms1", "Algoritms1\Algoritms1.vcxproj", "{E2635459-7828-4AB4-8BA9-F65BFF475B82}"
EndProject
Global
	GlobalSection(SolutionConfigurationPlatforms) = preSolution
		Debug|x64 = Debug|x64
		Debug|x86 = Debug|x86
		Release|x64 = Release|x64
		Release|x86 = Release|x86
	EndGlobalSection
	GlobalSection(ProjectConfigurationPlatforms) = postSolution
		{E2635459-7828-4AB4-8BA9-F65BFF475B82}.Debug|x64.ActiveCfg = Debug|x64
		{E2635459-7828-4AB4-8BA9-F65BFF475B82}.Debug|x64.Build.0 = Debug|x64
		{E2635459-7828-4AB4-8BA9-F65BFF475B82}.Debug|x86.ActiveCfg = Debug|Win32
		{E2635459-7828-4AB4-8BA9-F65BFF475B82}.Debug|x86.Build.0 = Debug|Win32
		{E2635459-7828-4AB4-8BA9-F65BFF475B82}.Release|x64.ActiveCfg = Release|x64
		{E2635459-7828-4AB4-8BA9-F65BFF475B82}.Release|x64.Build.0 = Release|x64
		{E2635459-7828-4AB4-8BA9-F65BFF475B82}.Release|x86.ActiveCfg = Release|Win32
		{E2635459-7828-4AB4-8BA9-F65BFF475B82}.Release|x86.Build.0 = Release|Win32
	EndGlobalSection
	GlobalSection(SolutionProperties) = preSolution
		HideSolutionNode = FALSE
	EndGlobalSection
	GlobalSection(ExtensibilityGlobals) = postSolution
		SolutionGuid = {4EA45C64-5322-4442-B2F7-7985943867C5}
	EndGlobalSection
EndGlobal
